// !$*UTF8*$!
{
	archiveVersion = 1;
	classes = {
	};
	objectVersion = 46;
	objects = {

/* Begin PBXBuildFile section */
		0DF92ABA14F01021EF6A09D8 /* libPods.a in Frameworks */ = {isa = PBXBuildFile; fileRef = 01FFA19B8040643C94866963 /* libPods.a */; };
		2D0D41181BA8E50F00B25A7B /* AppDelegate.swift in Sources */ = {isa = PBXBuildFile; fileRef = 2D0D41171BA8E50F00B25A7B /* AppDelegate.swift */; };
		2D0D411C1BA8E50F00B25A7B /* GameScene.swift in Sources */ = {isa = PBXBuildFile; fileRef = 2D0D411B1BA8E50F00B25A7B /* GameScene.swift */; };
		2D0D411E1BA8E50F00B25A7B /* GameViewController.swift in Sources */ = {isa = PBXBuildFile; fileRef = 2D0D411D1BA8E50F00B25A7B /* GameViewController.swift */; };
		2D0D41211BA8E50F00B25A7B /* Main.storyboard in Resources */ = {isa = PBXBuildFile; fileRef = 2D0D411F1BA8E50F00B25A7B /* Main.storyboard */; };
		2D0D41231BA8E50F00B25A7B /* Images.xcassets in Resources */ = {isa = PBXBuildFile; fileRef = 2D0D41221BA8E50F00B25A7B /* Images.xcassets */; };
		2D0D41261BA8E50F00B25A7B /* LaunchScreen.xib in Resources */ = {isa = PBXBuildFile; fileRef = 2D0D41241BA8E50F00B25A7B /* LaunchScreen.xib */; };
		2D0D41321BA8E50F00B25A7B /* Projet3Tests.swift in Sources */ = {isa = PBXBuildFile; fileRef = 2D0D41311BA8E50F00B25A7B /* Projet3Tests.swift */; };
		2D0F7C9C1BF11EB400020C40 /* Localizable.strings in Resources */ = {isa = PBXBuildFile; fileRef = 2D0F7C9E1BF11EB400020C40 /* Localizable.strings */; };
		2D0F7CA21BF12DFE00020C40 /* GameScene.sks in Resources */ = {isa = PBXBuildFile; fileRef = 2D0F7CA41BF12DFE00020C40 /* GameScene.sks */; };
		2D66939C1C13DF30005A8AB6 /* PopupsText.swift in Sources */ = {isa = PBXBuildFile; fileRef = 2D66939B1C13DF30005A8AB6 /* PopupsText.swift */; };
		2D66939E1C140316005A8AB6 /* resetMagic.sks in Resources */ = {isa = PBXBuildFile; fileRef = 2D66939D1C140316005A8AB6 /* resetMagic.sks */; };
		2D6693A01C1406E4005A8AB6 /* disparaitParMagie.mp3 in Resources */ = {isa = PBXBuildFile; fileRef = 2D66939F1C1406E4005A8AB6 /* disparaitParMagie.mp3 */; };
		2D6D37751BF7FF89004385FB /* Extensions.swift in Sources */ = {isa = PBXBuildFile; fileRef = 2D6D37741BF7FF89004385FB /* Extensions.swift */; };
		2D6D37791BF82114004385FB /* spark.png in Resources */ = {isa = PBXBuildFile; fileRef = 2D6D37771BF82114004385FB /* spark.png */; };
		2D6D377B1BF82186004385FB /* deleteNodeEffect.sks in Resources */ = {isa = PBXBuildFile; fileRef = 2D6D377A1BF82186004385FB /* deleteNodeEffect.sks */; };
		2D6D377D1BF8244F004385FB /* corbeille.mp3 in Resources */ = {isa = PBXBuildFile; fileRef = 2D6D377C1BF8244F004385FB /* corbeille.mp3 */; };
		2D6D37871BF8273B004385FB /* feu.sks in Resources */ = {isa = PBXBuildFile; fileRef = 2D6D37861BF8273B004385FB /* feu.sks */; };
		2D6D37891BF93DC1004385FB /* Popups.swift in Sources */ = {isa = PBXBuildFile; fileRef = 2D6D37881BF93DC1004385FB /* Popups.swift */; };
		2DD9F4881BFBDCB70085AC39 /* JouerMusique.swift in Sources */ = {isa = PBXBuildFile; fileRef = 2DD9F4871BFBDCB70085AC39 /* JouerMusique.swift */; };
		2DD9F48A1BFBE14C0085AC39 /* MusiqueEspace.mp3 in Resources */ = {isa = PBXBuildFile; fileRef = 2DD9F4891BFBE14C0085AC39 /* MusiqueEspace.mp3 */; };
		2DD9F48C1BFBEE2B0085AC39 /* Objet.swift in Sources */ = {isa = PBXBuildFile; fileRef = 2DD9F48B1BFBEE2B0085AC39 /* Objet.swift */; };
		2DFD73C91BB0D2F500744B61 /* placerObjetSurTable.mp3 in Resources */ = {isa = PBXBuildFile; fileRef = 2DFD73C71BB0D2F500744B61 /* placerObjetSurTable.mp3 */; };
		2DFD73CA1BB0D2F500744B61 /* SelectionOutil.mp3 in Resources */ = {isa = PBXBuildFile; fileRef = 2DFD73C81BB0D2F500744B61 /* SelectionOutil.mp3 */; };
		2DFD73CC1BB0D52900744B61 /* Selection.mp3 in Resources */ = {isa = PBXBuildFile; fileRef = 2DFD73CB1BB0D52900744B61 /* Selection.mp3 */; };
		FC173CA21C1293F40049606C /* SocketIOPacket.m in Sources */ = {isa = PBXBuildFile; fileRef = FC173C9D1C1293F40049606C /* SocketIOPacket.m */; };
		FC173CA31C1293F40049606C /* SocketIOJSONSerialization.m in Sources */ = {isa = PBXBuildFile; fileRef = FC173C9E1C1293F40049606C /* SocketIOJSONSerialization.m */; };
		FC173CA41C1293F40049606C /* SocketIOTransportWebsocket.m in Sources */ = {isa = PBXBuildFile; fileRef = FC173C9F1C1293F40049606C /* SocketIOTransportWebsocket.m */; };
		FC173CA51C1293F40049606C /* SocketIO.m in Sources */ = {isa = PBXBuildFile; fileRef = FC173CA01C1293F40049606C /* SocketIO.m */; };
		FC173CA61C1293F40049606C /* SocketIOTransportXHR.m in Sources */ = {isa = PBXBuildFile; fileRef = FC173CA11C1293F40049606C /* SocketIOTransportXHR.m */; };
		FC283C1F1C132834001F9055 /* MenuPrincipalViewControler.swift in Sources */ = {isa = PBXBuildFile; fileRef = FC283C1E1C132834001F9055 /* MenuPrincipalViewControler.swift */; };
		FC59D3201C0E484000783782 /* LoginViewControler.swift in Sources */ = {isa = PBXBuildFile; fileRef = FC59D31F1C0E484000783782 /* LoginViewControler.swift */; };
		FC6290681C05083700CDBF52 /* Carte.swift in Sources */ = {isa = PBXBuildFile; fileRef = FC6290641C05083700CDBF52 /* Carte.swift */; };
		FC6290691C05083700CDBF52 /* ViewControllerChoixEditeur.swift in Sources */ = {isa = PBXBuildFile; fileRef = FC6290651C05083700CDBF52 /* ViewControllerChoixEditeur.swift */; };
		FC62906A1C05083700CDBF52 /* AEXML.swift in Sources */ = {isa = PBXBuildFile; fileRef = FC6290661C05083700CDBF52 /* AEXML.swift */; };
		FC62906B1C05083700CDBF52 /* ParseurXML.swift in Sources */ = {isa = PBXBuildFile; fileRef = FC6290671C05083700CDBF52 /* ParseurXML.swift */; };
		FCD4891D1C148F4E0079099C /* InscriptionViewControler.swift in Sources */ = {isa = PBXBuildFile; fileRef = FCD4891C1C148F4E0079099C /* InscriptionViewControler.swift */; };
		FCD4891F1C14E3450079099C /* StatistiquesViewControler.swift in Sources */ = {isa = PBXBuildFile; fileRef = FCD4891E1C14E3450079099C /* StatistiquesViewControler.swift */; };
		FCF26CB21C0BDE2800DE3F6F /* SynchroniseurDeCarte.swift in Sources */ = {isa = PBXBuildFile; fileRef = FCF26CB11C0BDE2800DE3F6F /* SynchroniseurDeCarte.swift */; };
		FCF26CB41C0BF36100DE3F6F /* ChatViewController.swift in Sources */ = {isa = PBXBuildFile; fileRef = FCF26CB31C0BF36100DE3F6F /* ChatViewController.swift */; };
		FCF26CB61C0CEF9A00DE3F6F /* SocketSession.swift in Sources */ = {isa = PBXBuildFile; fileRef = FCF26CB51C0CEF9A00DE3F6F /* SocketSession.swift */; };
/* End PBXBuildFile section */

/* Begin PBXContainerItemProxy section */
		2D0D412C1BA8E50F00B25A7B /* PBXContainerItemProxy */ = {
			isa = PBXContainerItemProxy;
			containerPortal = 2D0D410A1BA8E50F00B25A7B /* Project object */;
			proxyType = 1;
			remoteGlobalIDString = 2D0D41111BA8E50F00B25A7B;
			remoteInfo = Projet3;
		};
/* End PBXContainerItemProxy section */

/* Begin PBXFileReference section */
		01FFA19B8040643C94866963 /* libPods.a */ = {isa = PBXFileReference; explicitFileType = archive.ar; includeInIndex = 0; path = libPods.a; sourceTree = BUILT_PRODUCTS_DIR; };
		2D0D41121BA8E50F00B25A7B /* Projet3.app */ = {isa = PBXFileReference; explicitFileType = wrapper.application; includeInIndex = 0; path = Projet3.app; sourceTree = BUILT_PRODUCTS_DIR; };
		2D0D41161BA8E50F00B25A7B /* Info.plist */ = {isa = PBXFileReference; lastKnownFileType = text.plist.xml; path = Info.plist; sourceTree = "<group>"; };
		2D0D41171BA8E50F00B25A7B /* AppDelegate.swift */ = {isa = PBXFileReference; lastKnownFileType = sourcecode.swift; path = AppDelegate.swift; sourceTree = "<group>"; };
		2D0D411B1BA8E50F00B25A7B /* GameScene.swift */ = {isa = PBXFileReference; lastKnownFileType = sourcecode.swift; path = GameScene.swift; sourceTree = "<group>"; };
		2D0D411D1BA8E50F00B25A7B /* GameViewController.swift */ = {isa = PBXFileReference; lastKnownFileType = sourcecode.swift; path = GameViewController.swift; sourceTree = "<group>"; };
		2D0D41201BA8E50F00B25A7B /* Base */ = {isa = PBXFileReference; lastKnownFileType = file.storyboard; name = Base; path = Base.lproj/Main.storyboard; sourceTree = "<group>"; };
		2D0D41221BA8E50F00B25A7B /* Images.xcassets */ = {isa = PBXFileReference; lastKnownFileType = folder.assetcatalog; path = Images.xcassets; sourceTree = "<group>"; };
		2D0D41251BA8E50F00B25A7B /* Base */ = {isa = PBXFileReference; lastKnownFileType = file.xib; name = Base; path = Base.lproj/LaunchScreen.xib; sourceTree = "<group>"; };
		2D0D412B1BA8E50F00B25A7B /* Projet3.xctest */ = {isa = PBXFileReference; explicitFileType = wrapper.cfbundle; includeInIndex = 0; path = Projet3.xctest; sourceTree = BUILT_PRODUCTS_DIR; };
		2D0D41301BA8E50F00B25A7B /* Info.plist */ = {isa = PBXFileReference; lastKnownFileType = text.plist.xml; path = Info.plist; sourceTree = "<group>"; };
		2D0D41311BA8E50F00B25A7B /* Projet3Tests.swift */ = {isa = PBXFileReference; lastKnownFileType = sourcecode.swift; path = Projet3Tests.swift; sourceTree = "<group>"; };
		2D0F7C9D1BF11EB400020C40 /* Base */ = {isa = PBXFileReference; lastKnownFileType = text.plist.strings; name = Base; path = Base.lproj/Localizable.strings; sourceTree = "<group>"; };
		2D0F7C9F1BF11EB700020C40 /* en */ = {isa = PBXFileReference; lastKnownFileType = text.plist.strings; name = en; path = en.lproj/Localizable.strings; sourceTree = "<group>"; };
		2D0F7CA11BF127D400020C40 /* en */ = {isa = PBXFileReference; lastKnownFileType = text.plist.strings; name = en; path = en.lproj/Main.strings; sourceTree = "<group>"; };
		2D0F7CA51BF12E0200020C40 /* Base */ = {isa = PBXFileReference; lastKnownFileType = file.sks; name = Base; path = Base.lproj/GameScene.sks; sourceTree = "<group>"; };
		2D66939B1C13DF30005A8AB6 /* PopupsText.swift */ = {isa = PBXFileReference; fileEncoding = 4; lastKnownFileType = sourcecode.swift; path = PopupsText.swift; sourceTree = "<group>"; };
		2D66939D1C140316005A8AB6 /* resetMagic.sks */ = {isa = PBXFileReference; lastKnownFileType = file.sks; path = resetMagic.sks; sourceTree = "<group>"; };
		2D66939F1C1406E4005A8AB6 /* disparaitParMagie.mp3 */ = {isa = PBXFileReference; lastKnownFileType = audio.mp3; path = disparaitParMagie.mp3; sourceTree = "<group>"; };
		2D6693A11C14F8AF005A8AB6 /* en */ = {isa = PBXFileReference; lastKnownFileType = file.sks; name = en; path = en.lproj/GameScene.sks; sourceTree = "<group>"; };
		2D6D37741BF7FF89004385FB /* Extensions.swift */ = {isa = PBXFileReference; fileEncoding = 4; lastKnownFileType = sourcecode.swift; path = Extensions.swift; sourceTree = "<group>"; };
		2D6D37771BF82114004385FB /* spark.png */ = {isa = PBXFileReference; lastKnownFileType = image.png; path = spark.png; sourceTree = "<group>"; };
		2D6D377A1BF82186004385FB /* deleteNodeEffect.sks */ = {isa = PBXFileReference; lastKnownFileType = file.sks; path = deleteNodeEffect.sks; sourceTree = "<group>"; };
		2D6D377C1BF8244F004385FB /* corbeille.mp3 */ = {isa = PBXFileReference; lastKnownFileType = audio.mp3; path = corbeille.mp3; sourceTree = "<group>"; };
		2D6D37861BF8273B004385FB /* feu.sks */ = {isa = PBXFileReference; lastKnownFileType = file.sks; path = feu.sks; sourceTree = "<group>"; };
		2D6D37881BF93DC1004385FB /* Popups.swift */ = {isa = PBXFileReference; fileEncoding = 4; lastKnownFileType = sourcecode.swift; path = Popups.swift; sourceTree = "<group>"; };
		2DD9F4871BFBDCB70085AC39 /* JouerMusique.swift */ = {isa = PBXFileReference; fileEncoding = 4; lastKnownFileType = sourcecode.swift; path = JouerMusique.swift; sourceTree = "<group>"; };
		2DD9F4891BFBE14C0085AC39 /* MusiqueEspace.mp3 */ = {isa = PBXFileReference; lastKnownFileType = audio.mp3; path = MusiqueEspace.mp3; sourceTree = "<group>"; };
		2DD9F48B1BFBEE2B0085AC39 /* Objet.swift */ = {isa = PBXFileReference; fileEncoding = 4; lastKnownFileType = sourcecode.swift; path = Objet.swift; sourceTree = "<group>"; };
		2DFD73C71BB0D2F500744B61 /* placerObjetSurTable.mp3 */ = {isa = PBXFileReference; lastKnownFileType = audio.mp3; path = placerObjetSurTable.mp3; sourceTree = "<group>"; };
		2DFD73C81BB0D2F500744B61 /* SelectionOutil.mp3 */ = {isa = PBXFileReference; lastKnownFileType = audio.mp3; path = SelectionOutil.mp3; sourceTree = "<group>"; };
		2DFD73CB1BB0D52900744B61 /* Selection.mp3 */ = {isa = PBXFileReference; lastKnownFileType = audio.mp3; path = Selection.mp3; sourceTree = "<group>"; };
		B584E16F5B0B0853916DFF3D /* Pods.release.xcconfig */ = {isa = PBXFileReference; includeInIndex = 1; lastKnownFileType = text.xcconfig; name = Pods.release.xcconfig; path = "Pods/Target Support Files/Pods/Pods.release.xcconfig"; sourceTree = "<group>"; };
		E381A864D90E9C8C7D2D719A /* Pods.debug.xcconfig */ = {isa = PBXFileReference; includeInIndex = 1; lastKnownFileType = text.xcconfig; name = Pods.debug.xcconfig; path = "Pods/Target Support Files/Pods/Pods.debug.xcconfig"; sourceTree = "<group>"; };
		FC173C9C1C1293F40049606C /* Projet3-Bridging-Header.h */ = {isa = PBXFileReference; lastKnownFileType = sourcecode.c.h; path = "Projet3-Bridging-Header.h"; sourceTree = "<group>"; };
		FC173C9D1C1293F40049606C /* SocketIOPacket.m */ = {isa = PBXFileReference; fileEncoding = 4; lastKnownFileType = sourcecode.c.objc; path = SocketIOPacket.m; sourceTree = "<group>"; };
		FC173C9E1C1293F40049606C /* SocketIOJSONSerialization.m */ = {isa = PBXFileReference; fileEncoding = 4; lastKnownFileType = sourcecode.c.objc; path = SocketIOJSONSerialization.m; sourceTree = "<group>"; };
		FC173C9F1C1293F40049606C /* SocketIOTransportWebsocket.m */ = {isa = PBXFileReference; fileEncoding = 4; lastKnownFileType = sourcecode.c.objc; path = SocketIOTransportWebsocket.m; sourceTree = "<group>"; };
		FC173CA01C1293F40049606C /* SocketIO.m */ = {isa = PBXFileReference; fileEncoding = 4; lastKnownFileType = sourcecode.c.objc; path = SocketIO.m; sourceTree = "<group>"; };
		FC173CA11C1293F40049606C /* SocketIOTransportXHR.m */ = {isa = PBXFileReference; fileEncoding = 4; lastKnownFileType = sourcecode.c.objc; path = SocketIOTransportXHR.m; sourceTree = "<group>"; };
		FC283C1E1C132834001F9055 /* MenuPrincipalViewControler.swift */ = {isa = PBXFileReference; fileEncoding = 4; lastKnownFileType = sourcecode.swift; path = MenuPrincipalViewControler.swift; sourceTree = "<group>"; };
		FC59D31F1C0E484000783782 /* LoginViewControler.swift */ = {isa = PBXFileReference; fileEncoding = 4; lastKnownFileType = sourcecode.swift; path = LoginViewControler.swift; sourceTree = "<group>"; };
		FC6290641C05083700CDBF52 /* Carte.swift */ = {isa = PBXFileReference; fileEncoding = 4; lastKnownFileType = sourcecode.swift; path = Carte.swift; sourceTree = "<group>"; };
		FC6290651C05083700CDBF52 /* ViewControllerChoixEditeur.swift */ = {isa = PBXFileReference; fileEncoding = 4; lastKnownFileType = sourcecode.swift; path = ViewControllerChoixEditeur.swift; sourceTree = "<group>"; };
		FC6290661C05083700CDBF52 /* AEXML.swift */ = {isa = PBXFileReference; fileEncoding = 4; lastKnownFileType = sourcecode.swift; path = AEXML.swift; sourceTree = "<group>"; };
		FC6290671C05083700CDBF52 /* ParseurXML.swift */ = {isa = PBXFileReference; fileEncoding = 4; lastKnownFileType = sourcecode.swift; path = ParseurXML.swift; sourceTree = "<group>"; };
		FCD4891C1C148F4E0079099C /* InscriptionViewControler.swift */ = {isa = PBXFileReference; fileEncoding = 4; lastKnownFileType = sourcecode.swift; path = InscriptionViewControler.swift; sourceTree = "<group>"; };
		FCD4891E1C14E3450079099C /* StatistiquesViewControler.swift */ = {isa = PBXFileReference; fileEncoding = 4; lastKnownFileType = sourcecode.swift; path = StatistiquesViewControler.swift; sourceTree = "<group>"; };
		FCF26CB11C0BDE2800DE3F6F /* SynchroniseurDeCarte.swift */ = {isa = PBXFileReference; fileEncoding = 4; lastKnownFileType = sourcecode.swift; path = SynchroniseurDeCarte.swift; sourceTree = "<group>"; };
		FCF26CB31C0BF36100DE3F6F /* ChatViewController.swift */ = {isa = PBXFileReference; fileEncoding = 4; lastKnownFileType = sourcecode.swift; path = ChatViewController.swift; sourceTree = "<group>"; };
		FCF26CB51C0CEF9A00DE3F6F /* SocketSession.swift */ = {isa = PBXFileReference; fileEncoding = 4; lastKnownFileType = sourcecode.swift; path = SocketSession.swift; sourceTree = "<group>"; };
/* End PBXFileReference section */

/* Begin PBXFrameworksBuildPhase section */
		2D0D410F1BA8E50F00B25A7B /* Frameworks */ = {
			isa = PBXFrameworksBuildPhase;
			buildActionMask = 2147483647;
			files = (
				0DF92ABA14F01021EF6A09D8 /* libPods.a in Frameworks */,
			);
			runOnlyForDeploymentPostprocessing = 0;
		};
		2D0D41281BA8E50F00B25A7B /* Frameworks */ = {
			isa = PBXFrameworksBuildPhase;
			buildActionMask = 2147483647;
			files = (
			);
			runOnlyForDeploymentPostprocessing = 0;
		};
/* End PBXFrameworksBuildPhase section */

/* Begin PBXGroup section */
		2D0D41091BA8E50F00B25A7B = {
			isa = PBXGroup;
			children = (
				2D0D41141BA8E50F00B25A7B /* Projet3 */,
				2D0D412E1BA8E50F00B25A7B /* Projet3Tests */,
				2D0D41131BA8E50F00B25A7B /* Products */,
				D4CBE21B06A1EB1E0B26AD3B /* Frameworks */,
				83B7531423DAE9D7D769D66F /* Pods */,
			);
			sourceTree = "<group>";
		};
		2D0D41131BA8E50F00B25A7B /* Products */ = {
			isa = PBXGroup;
			children = (
				2D0D41121BA8E50F00B25A7B /* Projet3.app */,
				2D0D412B1BA8E50F00B25A7B /* Projet3.xctest */,
			);
			name = Products;
			sourceTree = "<group>";
		};
		2D0D41141BA8E50F00B25A7B /* Projet3 */ = {
			isa = PBXGroup;
			children = (
				FC59D31F1C0E484000783782 /* LoginViewControler.swift */,
				FC283C1E1C132834001F9055 /* MenuPrincipalViewControler.swift */,
				FCF26CB31C0BF36100DE3F6F /* ChatViewController.swift */,
				FCD4891C1C148F4E0079099C /* InscriptionViewControler.swift */,
				FC6290651C05083700CDBF52 /* ViewControllerChoixEditeur.swift */,
				FCD4891E1C14E3450079099C /* StatistiquesViewControler.swift */,
				2D0D411F1BA8E50F00B25A7B /* Main.storyboard */,
				2D0D41171BA8E50F00B25A7B /* AppDelegate.swift */,
				2D0F7CA41BF12DFE00020C40 /* GameScene.sks */,
				2D0D411B1BA8E50F00B25A7B /* GameScene.swift */,
				2D0D411D1BA8E50F00B25A7B /* GameViewController.swift */,
				2D0D41221BA8E50F00B25A7B /* Images.xcassets */,
				2D0D41241BA8E50F00B25A7B /* LaunchScreen.xib */,
				FC6290641C05083700CDBF52 /* Carte.swift */,
				FC6290661C05083700CDBF52 /* AEXML.swift */,
				2D0D41151BA8E50F00B25A7B /* Supporting Files */,
				FC6290671C05083700CDBF52 /* ParseurXML.swift */,
				FCF26CB11C0BDE2800DE3F6F /* SynchroniseurDeCarte.swift */,
				FCF26CB51C0CEF9A00DE3F6F /* SocketSession.swift */,
				FC173C9B1C1293CE0049606C /* socket.io-Obj-c */,
			);
			path = Projet3;
			sourceTree = "<group>";
		};
		2D0D41151BA8E50F00B25A7B /* Supporting Files */ = {
			isa = PBXGroup;
			children = (
				2DFD73C71BB0D2F500744B61 /* placerObjetSurTable.mp3 */,
				2D6D377C1BF8244F004385FB /* corbeille.mp3 */,
				2D6D37771BF82114004385FB /* spark.png */,
				2D6D377A1BF82186004385FB /* deleteNodeEffect.sks */,
				2DFD73CB1BB0D52900744B61 /* Selection.mp3 */,
				2DFD73C81BB0D2F500744B61 /* SelectionOutil.mp3 */,
				2DD9F4891BFBE14C0085AC39 /* MusiqueEspace.mp3 */,
				2D0D41161BA8E50F00B25A7B /* Info.plist */,
				2D0F7C9E1BF11EB400020C40 /* Localizable.strings */,
				2D6D37741BF7FF89004385FB /* Extensions.swift */,
				2D6D37861BF8273B004385FB /* feu.sks */,
				2D6D37881BF93DC1004385FB /* Popups.swift */,
				2DD9F4871BFBDCB70085AC39 /* JouerMusique.swift */,
				2D66939F1C1406E4005A8AB6 /* disparaitParMagie.mp3 */,
				2DD9F48B1BFBEE2B0085AC39 /* Objet.swift */,
				2D66939B1C13DF30005A8AB6 /* PopupsText.swift */,
				2D66939D1C140316005A8AB6 /* resetMagic.sks */,
			);
			name = "Supporting Files";
			sourceTree = "<group>";
		};
		2D0D412E1BA8E50F00B25A7B /* Projet3Tests */ = {
			isa = PBXGroup;
			children = (
				2D0D41311BA8E50F00B25A7B /* Projet3Tests.swift */,
				2D0D412F1BA8E50F00B25A7B /* Supporting Files */,
			);
			path = Projet3Tests;
			sourceTree = "<group>";
		};
		2D0D412F1BA8E50F00B25A7B /* Supporting Files */ = {
			isa = PBXGroup;
			children = (
				2D0D41301BA8E50F00B25A7B /* Info.plist */,
			);
			name = "Supporting Files";
			sourceTree = "<group>";
		};
		83B7531423DAE9D7D769D66F /* Pods */ = {
			isa = PBXGroup;
			children = (
				E381A864D90E9C8C7D2D719A /* Pods.debug.xcconfig */,
				B584E16F5B0B0853916DFF3D /* Pods.release.xcconfig */,
			);
			name = Pods;
			sourceTree = "<group>";
		};
		D4CBE21B06A1EB1E0B26AD3B /* Frameworks */ = {
			isa = PBXGroup;
			children = (
				01FFA19B8040643C94866963 /* libPods.a */,
			);
			name = Frameworks;
			sourceTree = "<group>";
		};
		FC173C9B1C1293CE0049606C /* socket.io-Obj-c */ = {
			isa = PBXGroup;
			children = (
				FC173C9D1C1293F40049606C /* SocketIOPacket.m */,
				FC173C9E1C1293F40049606C /* SocketIOJSONSerialization.m */,
				FC173C9F1C1293F40049606C /* SocketIOTransportWebsocket.m */,
				FC173CA01C1293F40049606C /* SocketIO.m */,
				FC173CA11C1293F40049606C /* SocketIOTransportXHR.m */,
				FC173C9C1C1293F40049606C /* Projet3-Bridging-Header.h */,
			);
			name = "socket.io-Obj-c";
			sourceTree = "<group>";
		};
/* End PBXGroup section */

/* Begin PBXNativeTarget section */
		2D0D41111BA8E50F00B25A7B /* Projet3 */ = {
			isa = PBXNativeTarget;
			buildConfigurationList = 2D0D41351BA8E50F00B25A7B /* Build configuration list for PBXNativeTarget "Projet3" */;
			buildPhases = (
				8A917F060E62A3B40EC5690B /* Check Pods Manifest.lock */,
				2D0D410E1BA8E50F00B25A7B /* Sources */,
				2D0D410F1BA8E50F00B25A7B /* Frameworks */,
				2D0D41101BA8E50F00B25A7B /* Resources */,
				63828F799B0276975CF93BBB /* Embed Pods Frameworks */,
				E2335CC4EFC65AE83E8AB754 /* Copy Pods Resources */,
			);
			buildRules = (
			);
			dependencies = (
			);
			name = Projet3;
			productName = Projet3;
			productReference = 2D0D41121BA8E50F00B25A7B /* Projet3.app */;
			productType = "com.apple.product-type.application";
		};
		2D0D412A1BA8E50F00B25A7B /* Projet3Tests */ = {
			isa = PBXNativeTarget;
			buildConfigurationList = 2D0D41381BA8E50F00B25A7B /* Build configuration list for PBXNativeTarget "Projet3Tests" */;
			buildPhases = (
				2D0D41271BA8E50F00B25A7B /* Sources */,
				2D0D41281BA8E50F00B25A7B /* Frameworks */,
				2D0D41291BA8E50F00B25A7B /* Resources */,
			);
			buildRules = (
			);
			dependencies = (
				2D0D412D1BA8E50F00B25A7B /* PBXTargetDependency */,
			);
			name = Projet3Tests;
			productName = Projet3Tests;
			productReference = 2D0D412B1BA8E50F00B25A7B /* Projet3.xctest */;
			productType = "com.apple.product-type.bundle.unit-test";
		};
/* End PBXNativeTarget section */

/* Begin PBXProject section */
		2D0D410A1BA8E50F00B25A7B /* Project object */ = {
			isa = PBXProject;
			attributes = {
				LastSwiftMigration = 0700;
				LastSwiftUpdateCheck = 0710;
				LastUpgradeCheck = 0700;
				ORGANIZATIONNAME = "David Gourde";
				TargetAttributes = {
					2D0D41111BA8E50F00B25A7B = {
						CreatedOnToolsVersion = 6.4;
					};
					2D0D412A1BA8E50F00B25A7B = {
						CreatedOnToolsVersion = 6.4;
						TestTargetID = 2D0D41111BA8E50F00B25A7B;
					};
				};
			};
			buildConfigurationList = 2D0D410D1BA8E50F00B25A7B /* Build configuration list for PBXProject "Projet3" */;
			compatibilityVersion = "Xcode 3.2";
			developmentRegion = English;
			hasScannedForEncodings = 0;
			knownRegions = (
				en,
				Base,
			);
			mainGroup = 2D0D41091BA8E50F00B25A7B;
			productRefGroup = 2D0D41131BA8E50F00B25A7B /* Products */;
			projectDirPath = "";
			projectRoot = "";
			targets = (
				2D0D41111BA8E50F00B25A7B /* Projet3 */,
				2D0D412A1BA8E50F00B25A7B /* Projet3Tests */,
			);
		};
/* End PBXProject section */

/* Begin PBXResourcesBuildPhase section */
		2D0D41101BA8E50F00B25A7B /* Resources */ = {
			isa = PBXResourcesBuildPhase;
			buildActionMask = 2147483647;
			files = (
				2D6D377B1BF82186004385FB /* deleteNodeEffect.sks in Resources */,
				2D6D37791BF82114004385FB /* spark.png in Resources */,
				2D66939E1C140316005A8AB6 /* resetMagic.sks in Resources */,
				2DFD73C91BB0D2F500744B61 /* placerObjetSurTable.mp3 in Resources */,
				2DFD73CC1BB0D52900744B61 /* Selection.mp3 in Resources */,
				2D0D41261BA8E50F00B25A7B /* LaunchScreen.xib in Resources */,
				2D0D41231BA8E50F00B25A7B /* Images.xcassets in Resources */,
				2D6D37871BF8273B004385FB /* feu.sks in Resources */,
				2D0F7C9C1BF11EB400020C40 /* Localizable.strings in Resources */,
				2DFD73CA1BB0D2F500744B61 /* SelectionOutil.mp3 in Resources */,
				2D6693A01C1406E4005A8AB6 /* disparaitParMagie.mp3 in Resources */,
				2DD9F48A1BFBE14C0085AC39 /* MusiqueEspace.mp3 in Resources */,
				2D6D377D1BF8244F004385FB /* corbeille.mp3 in Resources */,
				2D0F7CA21BF12DFE00020C40 /* GameScene.sks in Resources */,
				2D0D41211BA8E50F00B25A7B /* Main.storyboard in Resources */,
			);
			runOnlyForDeploymentPostprocessing = 0;
		};
		2D0D41291BA8E50F00B25A7B /* Resources */ = {
			isa = PBXResourcesBuildPhase;
			buildActionMask = 2147483647;
			files = (
			);
			runOnlyForDeploymentPostprocessing = 0;
		};
/* End PBXResourcesBuildPhase section */

/* Begin PBXShellScriptBuildPhase section */
		63828F799B0276975CF93BBB /* Embed Pods Frameworks */ = {
			isa = PBXShellScriptBuildPhase;
			buildActionMask = 2147483647;
			files = (
			);
			inputPaths = (
			);
			name = "Embed Pods Frameworks";
			outputPaths = (
			);
			runOnlyForDeploymentPostprocessing = 0;
			shellPath = /bin/sh;
			shellScript = "\"${SRCROOT}/Pods/Target Support Files/Pods/Pods-frameworks.sh\"\n";
			showEnvVarsInLog = 0;
		};
		8A917F060E62A3B40EC5690B /* Check Pods Manifest.lock */ = {
			isa = PBXShellScriptBuildPhase;
			buildActionMask = 2147483647;
			files = (
			);
			inputPaths = (
			);
			name = "Check Pods Manifest.lock";
			outputPaths = (
			);
			runOnlyForDeploymentPostprocessing = 0;
			shellPath = /bin/sh;
			shellScript = "diff \"${PODS_ROOT}/../Podfile.lock\" \"${PODS_ROOT}/Manifest.lock\" > /dev/null\nif [[ $? != 0 ]] ; then\n    cat << EOM\nerror: The sandbox is not in sync with the Podfile.lock. Run 'pod install' or update your CocoaPods installation.\nEOM\n    exit 1\nfi\n";
			showEnvVarsInLog = 0;
		};
		E2335CC4EFC65AE83E8AB754 /* Copy Pods Resources */ = {
			isa = PBXShellScriptBuildPhase;
			buildActionMask = 2147483647;
			files = (
			);
			inputPaths = (
			);
			name = "Copy Pods Resources";
			outputPaths = (
			);
			runOnlyForDeploymentPostprocessing = 0;
			shellPath = /bin/sh;
			shellScript = "\"${SRCROOT}/Pods/Target Support Files/Pods/Pods-resources.sh\"\n";
			showEnvVarsInLog = 0;
		};
/* End PBXShellScriptBuildPhase section */

/* Begin PBXSourcesBuildPhase section */
		2D0D410E1BA8E50F00B25A7B /* Sources */ = {
			isa = PBXSourcesBuildPhase;
			buildActionMask = 2147483647;
			files = (
				FC6290681C05083700CDBF52 /* Carte.swift in Sources */,
				FCF26CB61C0CEF9A00DE3F6F /* SocketSession.swift in Sources */,
				2DD9F48C1BFBEE2B0085AC39 /* Objet.swift in Sources */,
				FC283C1F1C132834001F9055 /* MenuPrincipalViewControler.swift in Sources */,
				FC173CA51C1293F40049606C /* SocketIO.m in Sources */,
				2D66939C1C13DF30005A8AB6 /* PopupsText.swift in Sources */,
				FC59D3201C0E484000783782 /* LoginViewControler.swift in Sources */,
				FC6290691C05083700CDBF52 /* ViewControllerChoixEditeur.swift in Sources */,
				2D0D411C1BA8E50F00B25A7B /* GameScene.swift in Sources */,
				FC173CA21C1293F40049606C /* SocketIOPacket.m in Sources */,
				2DD9F4881BFBDCB70085AC39 /* JouerMusique.swift in Sources */,
				2D0D411E1BA8E50F00B25A7B /* GameViewController.swift in Sources */,
				2D6D37751BF7FF89004385FB /* Extensions.swift in Sources */,
				FC173CA61C1293F40049606C /* SocketIOTransportXHR.m in Sources */,
				FC62906A1C05083700CDBF52 /* AEXML.swift in Sources */,
				FCF26CB21C0BDE2800DE3F6F /* SynchroniseurDeCarte.swift in Sources */,
				FCD4891F1C14E3450079099C /* StatistiquesViewControler.swift in Sources */,
				FC173CA41C1293F40049606C /* SocketIOTransportWebsocket.m in Sources */,
				2D0D41181BA8E50F00B25A7B /* AppDelegate.swift in Sources */,
				FC173CA31C1293F40049606C /* SocketIOJSONSerialization.m in Sources */,
				2D6D37891BF93DC1004385FB /* Popups.swift in Sources */,
				FCD4891D1C148F4E0079099C /* InscriptionViewControler.swift in Sources */,
				FC62906B1C05083700CDBF52 /* ParseurXML.swift in Sources */,
				FCF26CB41C0BF36100DE3F6F /* ChatViewController.swift in Sources */,
			);
			runOnlyForDeploymentPostprocessing = 0;
		};
		2D0D41271BA8E50F00B25A7B /* Sources */ = {
			isa = PBXSourcesBuildPhase;
			buildActionMask = 2147483647;
			files = (
				2D0D41321BA8E50F00B25A7B /* Projet3Tests.swift in Sources */,
			);
			runOnlyForDeploymentPostprocessing = 0;
		};
/* End PBXSourcesBuildPhase section */

/* Begin PBXTargetDependency section */
		2D0D412D1BA8E50F00B25A7B /* PBXTargetDependency */ = {
			isa = PBXTargetDependency;
			target = 2D0D41111BA8E50F00B25A7B /* Projet3 */;
			targetProxy = 2D0D412C1BA8E50F00B25A7B /* PBXContainerItemProxy */;
		};
/* End PBXTargetDependency section */

/* Begin PBXVariantGroup section */
		2D0D411F1BA8E50F00B25A7B /* Main.storyboard */ = {
			isa = PBXVariantGroup;
			children = (
				2D0D41201BA8E50F00B25A7B /* Base */,
				2D0F7CA11BF127D400020C40 /* en */,
			);
			name = Main.storyboard;
			sourceTree = "<group>";
		};
		2D0D41241BA8E50F00B25A7B /* LaunchScreen.xib */ = {
			isa = PBXVariantGroup;
			children = (
				2D0D41251BA8E50F00B25A7B /* Base */,
			);
			name = LaunchScreen.xib;
			sourceTree = "<group>";
		};
		2D0F7C9E1BF11EB400020C40 /* Localizable.strings */ = {
			isa = PBXVariantGroup;
			children = (
				2D0F7C9D1BF11EB400020C40 /* Base */,
				2D0F7C9F1BF11EB700020C40 /* en */,
			);
			name = Localizable.strings;
			sourceTree = "<group>";
		};
		2D0F7CA41BF12DFE00020C40 /* GameScene.sks */ = {
			isa = PBXVariantGroup;
			children = (
				2D0F7CA51BF12E0200020C40 /* Base */,
				2D6693A11C14F8AF005A8AB6 /* en */,
			);
			name = GameScene.sks;
			sourceTree = "<group>";
		};
/* End PBXVariantGroup section */

/* Begin XCBuildConfiguration section */
		2D0D41331BA8E50F00B25A7B /* Debug */ = {
			isa = XCBuildConfiguration;
			buildSettings = {
				ALWAYS_SEARCH_USER_PATHS = NO;
				CLANG_CXX_LANGUAGE_STANDARD = "gnu++0x";
				CLANG_CXX_LIBRARY = "libc++";
				CLANG_ENABLE_MODULES = YES;
				CLANG_ENABLE_OBJC_ARC = YES;
				CLANG_WARN_BOOL_CONVERSION = YES;
				CLANG_WARN_CONSTANT_CONVERSION = YES;
				CLANG_WARN_DIRECT_OBJC_ISA_USAGE = YES_ERROR;
				CLANG_WARN_EMPTY_BODY = YES;
				CLANG_WARN_ENUM_CONVERSION = YES;
				CLANG_WARN_INT_CONVERSION = YES;
				CLANG_WARN_OBJC_ROOT_CLASS = YES_ERROR;
				CLANG_WARN_UNREACHABLE_CODE = YES;
				CLANG_WARN__DUPLICATE_METHOD_MATCH = YES;
				"CODE_SIGN_IDENTITY[sdk=iphoneos*]" = "iPhone Developer";
				COPY_PHASE_STRIP = NO;
				DEBUG_INFORMATION_FORMAT = "dwarf-with-dsym";
				ENABLE_STRICT_OBJC_MSGSEND = YES;
				ENABLE_TESTABILITY = YES;
				GCC_C_LANGUAGE_STANDARD = gnu99;
				GCC_DYNAMIC_NO_PIC = NO;
				GCC_NO_COMMON_BLOCKS = YES;
				GCC_OPTIMIZATION_LEVEL = 0;
				GCC_PREPROCESSOR_DEFINITIONS = (
					"DEBUG=1",
					"$(inherited)",
				);
				GCC_SYMBOLS_PRIVATE_EXTERN = NO;
				GCC_WARN_64_TO_32_BIT_CONVERSION = YES;
				GCC_WARN_ABOUT_RETURN_TYPE = YES_ERROR;
				GCC_WARN_UNDECLARED_SELECTOR = YES;
				GCC_WARN_UNINITIALIZED_AUTOS = YES_AGGRESSIVE;
				GCC_WARN_UNUSED_FUNCTION = YES;
				GCC_WARN_UNUSED_VARIABLE = YES;
				IPHONEOS_DEPLOYMENT_TARGET = 8.4;
				MTL_ENABLE_DEBUG_INFO = YES;
				ONLY_ACTIVE_ARCH = YES;
				SDKROOT = iphoneos;
				SWIFT_OPTIMIZATION_LEVEL = "-Onone";
				TARGETED_DEVICE_FAMILY = 2;
			};
			name = Debug;
		};
		2D0D41341BA8E50F00B25A7B /* Release */ = {
			isa = XCBuildConfiguration;
			buildSettings = {
				ALWAYS_SEARCH_USER_PATHS = NO;
				CLANG_CXX_LANGUAGE_STANDARD = "gnu++0x";
				CLANG_CXX_LIBRARY = "libc++";
				CLANG_ENABLE_MODULES = YES;
				CLANG_ENABLE_OBJC_ARC = YES;
				CLANG_WARN_BOOL_CONVERSION = YES;
				CLANG_WARN_CONSTANT_CONVERSION = YES;
				CLANG_WARN_DIRECT_OBJC_ISA_USAGE = YES_ERROR;
				CLANG_WARN_EMPTY_BODY = YES;
				CLANG_WARN_ENUM_CONVERSION = YES;
				CLANG_WARN_INT_CONVERSION = YES;
				CLANG_WARN_OBJC_ROOT_CLASS = YES_ERROR;
				CLANG_WARN_UNREACHABLE_CODE = YES;
				CLANG_WARN__DUPLICATE_METHOD_MATCH = YES;
				"CODE_SIGN_IDENTITY[sdk=iphoneos*]" = "iPhone Developer";
				COPY_PHASE_STRIP = NO;
				DEBUG_INFORMATION_FORMAT = "dwarf-with-dsym";
				ENABLE_NS_ASSERTIONS = NO;
				ENABLE_STRICT_OBJC_MSGSEND = YES;
				GCC_C_LANGUAGE_STANDARD = gnu99;
				GCC_NO_COMMON_BLOCKS = YES;
				GCC_WARN_64_TO_32_BIT_CONVERSION = YES;
				GCC_WARN_ABOUT_RETURN_TYPE = YES_ERROR;
				GCC_WARN_UNDECLARED_SELECTOR = YES;
				GCC_WARN_UNINITIALIZED_AUTOS = YES_AGGRESSIVE;
				GCC_WARN_UNUSED_FUNCTION = YES;
				GCC_WARN_UNUSED_VARIABLE = YES;
				IPHONEOS_DEPLOYMENT_TARGET = 8.4;
				MTL_ENABLE_DEBUG_INFO = NO;
				SDKROOT = iphoneos;
				TARGETED_DEVICE_FAMILY = 2;
				VALIDATE_PRODUCT = YES;
			};
			name = Release;
		};
		2D0D41361BA8E50F00B25A7B /* Debug */ = {
			isa = XCBuildConfiguration;
			baseConfigurationReference = E381A864D90E9C8C7D2D719A /* Pods.debug.xcconfig */;
			buildSettings = {
				ASSETCATALOG_COMPILER_APPICON_NAME = AppIcon;
				CLANG_ENABLE_MODULES = YES;
				INFOPLIST_FILE = Projet3/Info.plist;
				IPHONEOS_DEPLOYMENT_TARGET = 8.4;
				LD_RUNPATH_SEARCH_PATHS = "$(inherited) @executable_path/Frameworks";
				PRODUCT_BUNDLE_IDENTIFIER = Projet3.Projet3;
				PRODUCT_NAME = Projet3;
				SWIFT_OBJC_BRIDGING_HEADER = "Projet3/Projet3-Bridging-Header.h";
				SWIFT_OPTIMIZATION_LEVEL = "-Onone";
				TARGETED_DEVICE_FAMILY = 2;
			};
			name = Debug;
		};
		2D0D41371BA8E50F00B25A7B /* Release */ = {
			isa = XCBuildConfiguration;
			baseConfigurationReference = B584E16F5B0B0853916DFF3D /* Pods.release.xcconfig */;
			buildSettings = {
				ASSETCATALOG_COMPILER_APPICON_NAME = AppIcon;
				CLANG_ENABLE_MODULES = YES;
				INFOPLIST_FILE = Projet3/Info.plist;
				IPHONEOS_DEPLOYMENT_TARGET = 8.4;
				LD_RUNPATH_SEARCH_PATHS = "$(inherited) @executable_path/Frameworks";
				PRODUCT_BUNDLE_IDENTIFIER = Projet3.Projet3;
				PRODUCT_NAME = Projet3;
				SWIFT_OBJC_BRIDGING_HEADER = "Projet3/Projet3-Bridging-Header.h";
				TARGETED_DEVICE_FAMILY = 2;
			};
			name = Release;
		};
		2D0D41391BA8E50F00B25A7B /* Debug */ = {
			isa = XCBuildConfiguration;
			buildSettings = {
				BUNDLE_LOADER = "$(TEST_HOST)";
				FRAMEWORK_SEARCH_PATHS = (
					"$(SDKROOT)/Developer/Library/Frameworks",
					"$(inherited)",
				);
				GCC_PREPROCESSOR_DEFINITIONS = (
					"DEBUG=1",
					"$(inherited)",
				);
				INFOPLIST_FILE = Projet3Tests/Info.plist;
				LD_RUNPATH_SEARCH_PATHS = "$(inherited) @executable_path/Frameworks @loader_path/Frameworks";
				PRODUCT_BUNDLE_IDENTIFIER = "Projet3.$(PRODUCT_NAME:rfc1034identifier)";
				PRODUCT_NAME = Projet3;
				TEST_HOST = "$(BUILT_PRODUCTS_DIR)/Projet3.app/Projet3";
			};
			name = Debug;
		};
		2D0D413A1BA8E50F00B25A7B /* Release */ = {
			isa = XCBuildConfiguration;
			buildSettings = {
				BUNDLE_LOADER = "$(TEST_HOST)";
				FRAMEWORK_SEARCH_PATHS = (
					"$(SDKROOT)/Developer/Library/Frameworks",
					"$(inherited)",
				);
				INFOPLIST_FILE = Projet3Tests/Info.plist;
				LD_RUNPATH_SEARCH_PATHS = "$(inherited) @executable_path/Frameworks @loader_path/Frameworks";
				PRODUCT_BUNDLE_IDENTIFIER = "Projet3.$(PRODUCT_NAME:rfc1034identifier)";
				PRODUCT_NAME = Projet3;
				TEST_HOST = "$(BUILT_PRODUCTS_DIR)/Projet3.app/Projet3";
			};
			name = Release;
		};
/* End XCBuildConfiguration section */

/* Begin XCConfigurationList section */
		2D0D410D1BA8E50F00B25A7B /* Build configuration list for PBXProject "Projet3" */ = {
			isa = XCConfigurationList;
			buildConfigurations = (
				2D0D41331BA8E50F00B25A7B /* Debug */,
				2D0D41341BA8E50F00B25A7B /* Release */,
			);
			defaultConfigurationIsVisible = 0;
			defaultConfigurationName = Release;
		};
		2D0D41351BA8E50F00B25A7B /* Build configuration list for PBXNativeTarget "Projet3" */ = {
			isa = XCConfigurationList;
			buildConfigurations = (
				2D0D41361BA8E50F00B25A7B /* Debug */,
				2D0D41371BA8E50F00B25A7B /* Release */,
			);
			defaultConfigurationIsVisible = 0;
			defaultConfigurationName = Release;
		};
		2D0D41381BA8E50F00B25A7B /* Build configuration list for PBXNativeTarget "Projet3Tests" */ = {
			isa = XCConfigurationList;
			buildConfigurations = (
				2D0D41391BA8E50F00B25A7B /* Debug */,
				2D0D413A1BA8E50F00B25A7B /* Release */,
			);
			defaultConfigurationIsVisible = 0;
			defaultConfigurationName = Release;
		};
/* End XCConfigurationList section */
	};
	rootObject = 2D0D410A1BA8E50F00B25A7B /* Project object */;
}
